
Microsoft Visual Studio Solution File, Format Version 12.00
# Visual Studio Version 16
VisualStudioVersion = 16.0.31205.134
MinimumVisualStudioVersion = 10.0.40219.1
Project("{8BC9CEB8-8B4A-11D0-8D11-00A0C91BC942}") = "2021-4-28", "2021-4-28.vcxproj", "{F9A049D0-C50B-4257-B970-AE76D2E0A54E}"
EndProject
Global
	GlobalSection(SolutionConfigurationPlatforms) = preSolution
		Debug|x64 = Debug|x64
		Debug|x86 = Debug|x86
		Release|x64 = Release|x64
		Release|x86 = Release|x86
	EndGlobalSection
	GlobalSection(ProjectConfigurationPlatforms) = postSolution
		{F9A049D0-C50B-4257-B970-AE76D2E0A54E}.Debug|x64.ActiveCfg = Debug|x64
		{F9A049D0-C50B-4257-B970-AE76D2E0A54E}.Debug|x64.Build.0 = Debug|x64
		{F9A049D0-C50B-4257-B970-AE76D2E0A54E}.Debug|x86.ActiveCfg = Debug|Win32
		{F9A049D0-C50B-4257-B970-AE76D2E0A54E}.Debug|x86.Build.0 = Debug|Win32
		{F9A049D0-C50B-4257-B970-AE76D2E0A54E}.Release|x64.ActiveCfg = Release|x64
		{F9A049D0-C50B-4257-B970-AE76D2E0A54E}.Release|x64.Build.0 = Release|x64
		{F9A049D0-C50B-4257-B970-AE76D2E0A54E}.Release|x86.ActiveCfg = Release|Win32
		{F9A049D0-C50B-4257-B970-AE76D2E0A54E}.Release|x86.Build.0 = Release|Win32
	EndGlobalSection
	GlobalSection(SolutionProperties) = preSolution
		HideSolutionNode = FALSE
	EndGlobalSection
	GlobalSection(ExtensibilityGlobals) = postSolution
		SolutionGuid = {E9C204E1-566F-4A65-9C42-94C7C704EE19}
	EndGlobalSection
EndGlobal
