
Microsoft Visual Studio Solution File, Format Version 12.00
# Visual Studio Version 16
VisualStudioVersion = 16.0.31205.134
MinimumVisualStudioVersion = 10.0.40219.1
Project("{8BC9CEB8-8B4A-11D0-8D11-00A0C91BC942}") = "2021-5-11", "2021-5-11.vcxproj", "{4926B5EC-5B2C-4941-8C52-38FCD8F19113}"
EndProject
Global
	GlobalSection(SolutionConfigurationPlatforms) = preSolution
		Debug|x64 = Debug|x64
		Debug|x86 = Debug|x86
		Release|x64 = Release|x64
		Release|x86 = Release|x86
	EndGlobalSection
	GlobalSection(ProjectConfigurationPlatforms) = postSolution
		{4926B5EC-5B2C-4941-8C52-38FCD8F19113}.Debug|x64.ActiveCfg = Debug|x64
		{4926B5EC-5B2C-4941-8C52-38FCD8F19113}.Debug|x64.Build.0 = Debug|x64
		{4926B5EC-5B2C-4941-8C52-38FCD8F19113}.Debug|x86.ActiveCfg = Debug|Win32
		{4926B5EC-5B2C-4941-8C52-38FCD8F19113}.Debug|x86.Build.0 = Debug|Win32
		{4926B5EC-5B2C-4941-8C52-38FCD8F19113}.Release|x64.ActiveCfg = Release|x64
		{4926B5EC-5B2C-4941-8C52-38FCD8F19113}.Release|x64.Build.0 = Release|x64
		{4926B5EC-5B2C-4941-8C52-38FCD8F19113}.Release|x86.ActiveCfg = Release|Win32
		{4926B5EC-5B2C-4941-8C52-38FCD8F19113}.Release|x86.Build.0 = Release|Win32
	EndGlobalSection
	GlobalSection(SolutionProperties) = preSolution
		HideSolutionNode = FALSE
	EndGlobalSection
	GlobalSection(ExtensibilityGlobals) = postSolution
		SolutionGuid = {5F581539-8BC2-4938-82D4-00C100F22B52}
	EndGlobalSection
EndGlobal
