
Microsoft Visual Studio Solution File, Format Version 12.00
# Visual Studio Version 16
VisualStudioVersion = 16.0.31321.278
MinimumVisualStudioVersion = 10.0.40219.1
Project("{8BC9CEB8-8B4A-11D0-8D11-00A0C91BC942}") = "2021-6-12", "2021-6-12.vcxproj", "{577CD22F-7746-4ACC-9031-8DC67E8E950F}"
EndProject
Global
	GlobalSection(SolutionConfigurationPlatforms) = preSolution
		Debug|x64 = Debug|x64
		Debug|x86 = Debug|x86
		Release|x64 = Release|x64
		Release|x86 = Release|x86
	EndGlobalSection
	GlobalSection(ProjectConfigurationPlatforms) = postSolution
		{577CD22F-7746-4ACC-9031-8DC67E8E950F}.Debug|x64.ActiveCfg = Debug|x64
		{577CD22F-7746-4ACC-9031-8DC67E8E950F}.Debug|x64.Build.0 = Debug|x64
		{577CD22F-7746-4ACC-9031-8DC67E8E950F}.Debug|x86.ActiveCfg = Debug|Win32
		{577CD22F-7746-4ACC-9031-8DC67E8E950F}.Debug|x86.Build.0 = Debug|Win32
		{577CD22F-7746-4ACC-9031-8DC67E8E950F}.Release|x64.ActiveCfg = Release|x64
		{577CD22F-7746-4ACC-9031-8DC67E8E950F}.Release|x64.Build.0 = Release|x64
		{577CD22F-7746-4ACC-9031-8DC67E8E950F}.Release|x86.ActiveCfg = Release|Win32
		{577CD22F-7746-4ACC-9031-8DC67E8E950F}.Release|x86.Build.0 = Release|Win32
	EndGlobalSection
	GlobalSection(SolutionProperties) = preSolution
		HideSolutionNode = FALSE
	EndGlobalSection
	GlobalSection(ExtensibilityGlobals) = postSolution
		SolutionGuid = {8F9471EE-452B-4425-A319-05429C563FD2}
	EndGlobalSection
EndGlobal
